
Microsoft Visual Studio Solution File, Format Version 12.00
# Visual Studio 2012
Project("{FAE04EC0-301F-11D3-BF4B-00C04F79EFBC}") = "StockSharer.Web", "StockSharer.Web\StockSharer.Web.csproj", "{77BE21FA-74EF-434F-A323-D3615241F8A8}"
EndProject
Project("{FAE04EC0-301F-11D3-BF4B-00C04F79EFBC}") = "StockSharer.GameScraper", "StockSharer.GameScraper\StockSharer.GameScraper.csproj", "{B188F9CF-F8C5-4591-9D7F-BB4662AC3989}"
EndProject
Global
	GlobalSection(SolutionConfigurationPlatforms) = preSolution
		Debug|Any CPU = Debug|Any CPU
		Debug|x86 = Debug|x86
		Release|Any CPU = Release|Any CPU
		Release|x86 = Release|x86
	EndGlobalSection
	GlobalSection(ProjectConfigurationPlatforms) = postSolution
		{77BE21FA-74EF-434F-A323-D3615241F8A8}.Debug|Any CPU.ActiveCfg = Debug|Any CPU
		{77BE21FA-74EF-434F-A323-D3615241F8A8}.Debug|Any CPU.Build.0 = Debug|Any CPU
		{77BE21FA-74EF-434F-A323-D3615241F8A8}.Debug|x86.ActiveCfg = Release|x86
		{77BE21FA-74EF-434F-A323-D3615241F8A8}.Debug|x86.Build.0 = Release|x86
		{77BE21FA-74EF-434F-A323-D3615241F8A8}.Release|Any CPU.ActiveCfg = Release|Any CPU
		{77BE21FA-74EF-434F-A323-D3615241F8A8}.Release|Any CPU.Build.0 = Release|Any CPU
		{77BE21FA-74EF-434F-A323-D3615241F8A8}.Release|x86.ActiveCfg = Release|x86
		{77BE21FA-74EF-434F-A323-D3615241F8A8}.Release|x86.Build.0 = Release|x86
		{B188F9CF-F8C5-4591-9D7F-BB4662AC3989}.Debug|Any CPU.ActiveCfg = Debug|Any CPU
		{B188F9CF-F8C5-4591-9D7F-BB4662AC3989}.Debug|Any CPU.Build.0 = Debug|Any CPU
		{B188F9CF-F8C5-4591-9D7F-BB4662AC3989}.Debug|x86.ActiveCfg = Debug|Any CPU
		{B188F9CF-F8C5-4591-9D7F-BB4662AC3989}.Release|Any CPU.ActiveCfg = Release|Any CPU
		{B188F9CF-F8C5-4591-9D7F-BB4662AC3989}.Release|Any CPU.Build.0 = Release|Any CPU
		{B188F9CF-F8C5-4591-9D7F-BB4662AC3989}.Release|x86.ActiveCfg = Release|Any CPU
	EndGlobalSection
	GlobalSection(SolutionProperties) = preSolution
		HideSolutionNode = FALSE
	EndGlobalSection
EndGlobal
